
Microsoft Visual Studio Solution File, Format Version 12.00
# Visual Studio Version 17
VisualStudioVersion = 17.5.33424.131
MinimumVisualStudioVersion = 10.0.40219.1
Project("{8BC9CEB8-8B4A-11D0-8D11-00A0C91BC942}") = "Test", "Test\Test.vcxproj", "{BAF674BF-B60B-4587-8767-7489B280FDED}"
EndProject
Global
	GlobalSection(SolutionConfigurationPlatforms) = preSolution
		Debug|x64 = Debug|x64
		Debug|x86 = Debug|x86
		Release|x64 = Release|x64
		Release|x86 = Release|x86
	EndGlobalSection
	GlobalSection(ProjectConfigurationPlatforms) = postSolution
		{BAF674BF-B60B-4587-8767-7489B280FDED}.Debug|x64.ActiveCfg = Debug|x64
		{BAF674BF-B60B-4587-8767-7489B280FDED}.Debug|x64.Build.0 = Debug|x64
		{BAF674BF-B60B-4587-8767-7489B280FDED}.Debug|x86.ActiveCfg = Debug|Win32
		{BAF674BF-B60B-4587-8767-7489B280FDED}.Debug|x86.Build.0 = Debug|Win32
		{BAF674BF-B60B-4587-8767-7489B280FDED}.Release|x64.ActiveCfg = Release|x64
		{BAF674BF-B60B-4587-8767-7489B280FDED}.Release|x64.Build.0 = Release|x64
		{BAF674BF-B60B-4587-8767-7489B280FDED}.Release|x86.ActiveCfg = Release|Win32
		{BAF674BF-B60B-4587-8767-7489B280FDED}.Release|x86.Build.0 = Release|Win32
	EndGlobalSection
	GlobalSection(SolutionProperties) = preSolution
		HideSolutionNode = FALSE
	EndGlobalSection
	GlobalSection(ExtensibilityGlobals) = postSolution
		SolutionGuid = {F6AB24DC-2052-4D2B-86F2-1BA211978648}
	EndGlobalSection
EndGlobal
